// !$*UTF8*$!
{
	archiveVersion = 1;
	classes = {
	};
	objectVersion = 48;
	objects = {

/* Begin PBXBuildFile section */
		09F1B5031F67929200A77F1B /* AppDelegate.swift in Sources */ = {isa = PBXBuildFile; fileRef = 09F1B5021F67929200A77F1B /* AppDelegate.swift */; };
		09F1B5051F67929200A77F1B /* ViewController.swift in Sources */ = {isa = PBXBuildFile; fileRef = 09F1B5041F67929200A77F1B /* ViewController.swift */; };
		09F1B5081F67929200A77F1B /* Main.storyboard in Resources */ = {isa = PBXBuildFile; fileRef = 09F1B5061F67929200A77F1B /* Main.storyboard */; };
		09F1B50A1F67929200A77F1B /* Assets.xcassets in Resources */ = {isa = PBXBuildFile; fileRef = 09F1B5091F67929200A77F1B /* Assets.xcassets */; };
		09F1B50D1F67929200A77F1B /* LaunchScreen.storyboard in Resources */ = {isa = PBXBuildFile; fileRef = 09F1B50B1F67929200A77F1B /* LaunchScreen.storyboard */; };
		09F1B5181F67929200A77F1B /* Aging_PeopleTests.swift in Sources */ = {isa = PBXBuildFile; fileRef = 09F1B5171F67929200A77F1B /* Aging_PeopleTests.swift */; };
		09F1B5231F67929200A77F1B /* Aging_PeopleUITests.swift in Sources */ = {isa = PBXBuildFile; fileRef = 09F1B5221F67929200A77F1B /* Aging_PeopleUITests.swift */; };
/* End PBXBuildFile section */

/* Begin PBXContainerItemProxy section */
		09F1B5141F67929200A77F1B /* PBXContainerItemProxy */ = {
			isa = PBXContainerItemProxy;
			containerPortal = 09F1B4F71F67929100A77F1B /* Project object */;
			proxyType = 1;
			remoteGlobalIDString = 09F1B4FE1F67929200A77F1B;
			remoteInfo = "Aging People";
		};
		09F1B51F1F67929200A77F1B /* PBXContainerItemProxy */ = {
			isa = PBXContainerItemProxy;
			containerPortal = 09F1B4F71F67929100A77F1B /* Project object */;
			proxyType = 1;
			remoteGlobalIDString = 09F1B4FE1F67929200A77F1B;
			remoteInfo = "Aging People";
		};
/* End PBXContainerItemProxy section */

/* Begin PBXFileReference section */
		09F1B4FF1F67929200A77F1B /* Aging People.app */ = {isa = PBXFileReference; explicitFileType = wrapper.application; includeInIndex = 0; path = "Aging People.app"; sourceTree = BUILT_PRODUCTS_DIR; };
		09F1B5021F67929200A77F1B /* AppDelegate.swift */ = {isa = PBXFileReference; lastKnownFileType = sourcecode.swift; path = AppDelegate.swift; sourceTree = "<group>"; };
		09F1B5041F67929200A77F1B /* ViewController.swift */ = {isa = PBXFileReference; lastKnownFileType = sourcecode.swift; path = ViewController.swift; sourceTree = "<group>"; };
		09F1B5071F67929200A77F1B /* Base */ = {isa = PBXFileReference; lastKnownFileType = file.storyboard; name = Base; path = Base.lproj/Main.storyboard; sourceTree = "<group>"; };
		09F1B5091F67929200A77F1B /* Assets.xcassets */ = {isa = PBXFileReference; lastKnownFileType = folder.assetcatalog; path = Assets.xcassets; sourceTree = "<group>"; };
		09F1B50C1F67929200A77F1B /* Base */ = {isa = PBXFileReference; lastKnownFileType = file.storyboard; name = Base; path = Base.lproj/LaunchScreen.storyboard; sourceTree = "<group>"; };
		09F1B50E1F67929200A77F1B /* Info.plist */ = {isa = PBXFileReference; lastKnownFileType = text.plist.xml; path = Info.plist; sourceTree = "<group>"; };
		09F1B5131F67929200A77F1B /* Aging PeopleTests.xctest */ = {isa = PBXFileReference; explicitFileType = wrapper.cfbundle; includeInIndex = 0; path = "Aging PeopleTests.xctest"; sourceTree = BUILT_PRODUCTS_DIR; };
		09F1B5171F67929200A77F1B /* Aging_PeopleTests.swift */ = {isa = PBXFileReference; lastKnownFileType = sourcecode.swift; path = Aging_PeopleTests.swift; sourceTree = "<group>"; };
		09F1B5191F67929200A77F1B /* Info.plist */ = {isa = PBXFileReference; lastKnownFileType = text.plist.xml; path = Info.plist; sourceTree = "<group>"; };
		09F1B51E1F67929200A77F1B /* Aging PeopleUITests.xctest */ = {isa = PBXFileReference; explicitFileType = wrapper.cfbundle; includeInIndex = 0; path = "Aging PeopleUITests.xctest"; sourceTree = BUILT_PRODUCTS_DIR; };
		09F1B5221F67929200A77F1B /* Aging_PeopleUITests.swift */ = {isa = PBXFileReference; lastKnownFileType = sourcecode.swift; path = Aging_PeopleUITests.swift; sourceTree = "<group>"; };
		09F1B5241F67929200A77F1B /* Info.plist */ = {isa = PBXFileReference; lastKnownFileType = text.plist.xml; path = Info.plist; sourceTree = "<group>"; };
/* End PBXFileReference section */

/* Begin PBXFrameworksBuildPhase section */
		09F1B4FC1F67929200A77F1B /* Frameworks */ = {
			isa = PBXFrameworksBuildPhase;
			buildActionMask = 2147483647;
			files = (
			);
			runOnlyForDeploymentPostprocessing = 0;
		};
		09F1B5101F67929200A77F1B /* Frameworks */ = {
			isa = PBXFrameworksBuildPhase;
			buildActionMask = 2147483647;
			files = (
			);
			runOnlyForDeploymentPostprocessing = 0;
		};
		09F1B51B1F67929200A77F1B /* Frameworks */ = {
			isa = PBXFrameworksBuildPhase;
			buildActionMask = 2147483647;
			files = (
			);
			runOnlyForDeploymentPostprocessing = 0;
		};
/* End PBXFrameworksBuildPhase section */

/* Begin PBXGroup section */
		09F1B4F61F67929100A77F1B = {
			isa = PBXGroup;
			children = (
				09F1B5011F67929200A77F1B /* Aging People */,
				09F1B5161F67929200A77F1B /* Aging PeopleTests */,
				09F1B5211F67929200A77F1B /* Aging PeopleUITests */,
				09F1B5001F67929200A77F1B /* Products */,
			);
			sourceTree = "<group>";
		};
		09F1B5001F67929200A77F1B /* Products */ = {
			isa = PBXGroup;
			children = (
				09F1B4FF1F67929200A77F1B /* Aging People.app */,
				09F1B5131F67929200A77F1B /* Aging PeopleTests.xctest */,
				09F1B51E1F67929200A77F1B /* Aging PeopleUITests.xctest */,
			);
			name = Products;
			sourceTree = "<group>";
		};
		09F1B5011F67929200A77F1B /* Aging People */ = {
			isa = PBXGroup;
			children = (
				09F1B5021F67929200A77F1B /* AppDelegate.swift */,
				09F1B5041F67929200A77F1B /* ViewController.swift */,
				09F1B5061F67929200A77F1B /* Main.storyboard */,
				09F1B5091F67929200A77F1B /* Assets.xcassets */,
				09F1B50B1F67929200A77F1B /* LaunchScreen.storyboard */,
				09F1B50E1F67929200A77F1B /* Info.plist */,
			);
			path = "Aging People";
			sourceTree = "<group>";
		};
		09F1B5161F67929200A77F1B /* Aging PeopleTests */ = {
			isa = PBXGroup;
			children = (
				09F1B5171F67929200A77F1B /* Aging_PeopleTests.swift */,
				09F1B5191F67929200A77F1B /* Info.plist */,
			);
			path = "Aging PeopleTests";
			sourceTree = "<group>";
		};
		09F1B5211F67929200A77F1B /* Aging PeopleUITests */ = {
			isa = PBXGroup;
			children = (
				09F1B5221F67929200A77F1B /* Aging_PeopleUITests.swift */,
				09F1B5241F67929200A77F1B /* Info.plist */,
			);
			path = "Aging PeopleUITests";
			sourceTree = "<group>";
		};
/* End PBXGroup section */

/* Begin PBXNativeTarget section */
		09F1B4FE1F67929200A77F1B /* Aging People */ = {
			isa = PBXNativeTarget;
			buildConfigurationList = 09F1B5271F67929200A77F1B /* Build configuration list for PBXNativeTarget "Aging People" */;
			buildPhases = (
				09F1B4FB1F67929200A77F1B /* Sources */,
				09F1B4FC1F67929200A77F1B /* Frameworks */,
				09F1B4FD1F67929200A77F1B /* Resources */,
			);
			buildRules = (
			);
			dependencies = (
			);
			name = "Aging People";
			productName = "Aging People";
			productReference = 09F1B4FF1F67929200A77F1B /* Aging People.app */;
			productType = "com.apple.product-type.application";
		};
		09F1B5121F67929200A77F1B /* Aging PeopleTests */ = {
			isa = PBXNativeTarget;
			buildConfigurationList = 09F1B52A1F67929200A77F1B /* Build configuration list for PBXNativeTarget "Aging PeopleTests" */;
			buildPhases = (
				09F1B50F1F67929200A77F1B /* Sources */,
				09F1B5101F67929200A77F1B /* Frameworks */,
				09F1B5111F67929200A77F1B /* Resources */,
			);
			buildRules = (
			);
			dependencies = (
				09F1B5151F67929200A77F1B /* PBXTargetDependency */,
			);
			name = "Aging PeopleTests";
			productName = "Aging PeopleTests";
			productReference = 09F1B5131F67929200A77F1B /* Aging PeopleTests.xctest */;
			productType = "com.apple.product-type.bundle.unit-test";
		};
		09F1B51D1F67929200A77F1B /* Aging PeopleUITests */ = {
			isa = PBXNativeTarget;
			buildConfigurationList = 09F1B52D1F67929200A77F1B /* Build configuration list for PBXNativeTarget "Aging PeopleUITests" */;
			buildPhases = (
				09F1B51A1F67929200A77F1B /* Sources */,
				09F1B51B1F67929200A77F1B /* Frameworks */,
				09F1B51C1F67929200A77F1B /* Resources */,
			);
			buildRules = (
			);
			dependencies = (
				09F1B5201F67929200A77F1B /* PBXTargetDependency */,
			);
			name = "Aging PeopleUITests";
			productName = "Aging PeopleUITests";
			productReference = 09F1B51E1F67929200A77F1B /* Aging PeopleUITests.xctest */;
			productType = "com.apple.product-type.bundle.ui-testing";
		};
/* End PBXNativeTarget section */

/* Begin PBXProject section */
		09F1B4F71F67929100A77F1B /* Project object */ = {
			isa = PBXProject;
			attributes = {
				LastSwiftUpdateCheck = 0900;
				LastUpgradeCheck = 0900;
				ORGANIZATIONNAME = "Olivier Butler";
				TargetAttributes = {
					09F1B4FE1F67929200A77F1B = {
						CreatedOnToolsVersion = 9.0;
						ProvisioningStyle = Automatic;
					};
					09F1B5121F67929200A77F1B = {
						CreatedOnToolsVersion = 9.0;
						ProvisioningStyle = Automatic;
						TestTargetID = 09F1B4FE1F67929200A77F1B;
					};
					09F1B51D1F67929200A77F1B = {
						CreatedOnToolsVersion = 9.0;
						ProvisioningStyle = Automatic;
						TestTargetID = 09F1B4FE1F67929200A77F1B;
					};
				};
			};
			buildConfigurationList = 09F1B4FA1F67929100A77F1B /* Build configuration list for PBXProject "Aging People" */;
			compatibilityVersion = "Xcode 8.0";
			developmentRegion = en;
			hasScannedForEncodings = 0;
			knownRegions = (
				en,
				Base,
			);
			mainGroup = 09F1B4F61F67929100A77F1B;
			productRefGroup = 09F1B5001F67929200A77F1B /* Products */;
			projectDirPath = "";
			projectRoot = "";
			targets = (
				09F1B4FE1F67929200A77F1B /* Aging People */,
				09F1B5121F67929200A77F1B /* Aging PeopleTests */,
				09F1B51D1F67929200A77F1B /* Aging PeopleUITests */,
			);
		};
/* End PBXProject section */

/* Begin PBXResourcesBuildPhase section */
		09F1B4FD1F67929200A77F1B /* Resources */ = {
			isa = PBXResourcesBuildPhase;
			buildActionMask = 2147483647;
			files = (
				09F1B50D1F67929200A77F1B /* LaunchScreen.storyboard in Resources */,
				09F1B50A1F67929200A77F1B /* Assets.xcassets in Resources */,
				09F1B5081F67929200A77F1B /* Main.storyboard in Resources */,
			);
			runOnlyForDeploymentPostprocessing = 0;
		};
		09F1B5111F67929200A77F1B /* Resources */ = {
			isa = PBXResourcesBuildPhase;
			buildActionMask = 2147483647;
			files = (
			);
			runOnlyForDeploymentPostprocessing = 0;
		};
		09F1B51C1F67929200A77F1B /* Resources */ = {
			isa = PBXResourcesBuildPhase;
			buildActionMask = 2147483647;
			files = (
			);
			runOnlyForDeploymentPostprocessing = 0;
		};
/* End PBXResourcesBuildPhase section */

/* Begin PBXSourcesBuildPhase section */
		09F1B4FB1F67929200A77F1B /* Sources */ = {
			isa = PBXSourcesBuildPhase;
			buildActionMask = 2147483647;
			files = (
				09F1B5051F67929200A77F1B /* ViewController.swift in Sources */,
				09F1B5031F67929200A77F1B /* AppDelegate.swift in Sources */,
			);
			runOnlyForDeploymentPostprocessing = 0;
		};
		09F1B50F1F67929200A77F1B /* Sources */ = {
			isa = PBXSourcesBuildPhase;
			buildActionMask = 2147483647;
			files = (
				09F1B5181F67929200A77F1B /* Aging_PeopleTests.swift in Sources */,
			);
			runOnlyForDeploymentPostprocessing = 0;
		};
		09F1B51A1F67929200A77F1B /* Sources */ = {
			isa = PBXSourcesBuildPhase;
			buildActionMask = 2147483647;
			files = (
				09F1B5231F67929200A77F1B /* Aging_PeopleUITests.swift in Sources */,
			);
			runOnlyForDeploymentPostprocessing = 0;
		};
/* End PBXSourcesBuildPhase section */

/* Begin PBXTargetDependency section */
		09F1B5151F67929200A77F1B /* PBXTargetDependency */ = {
			isa = PBXTargetDependency;
			target = 09F1B4FE1F67929200A77F1B /* Aging People */;
			targetProxy = 09F1B5141F67929200A77F1B /* PBXContainerItemProxy */;
		};
		09F1B5201F67929200A77F1B /* PBXTargetDependency */ = {
			isa = PBXTargetDependency;
			target = 09F1B4FE1F67929200A77F1B /* Aging People */;
			targetProxy = 09F1B51F1F67929200A77F1B /* PBXContainerItemProxy */;
		};
/* End PBXTargetDependency section */

/* Begin PBXVariantGroup section */
		09F1B5061F67929200A77F1B /* Main.storyboard */ = {
			isa = PBXVariantGroup;
			children = (
				09F1B5071F67929200A77F1B /* Base */,
			);
			name = Main.storyboard;
			sourceTree = "<group>";
		};
		09F1B50B1F67929200A77F1B /* LaunchScreen.storyboard */ = {
			isa = PBXVariantGroup;
			children = (
				09F1B50C1F67929200A77F1B /* Base */,
			);
			name = LaunchScreen.storyboard;
			sourceTree = "<group>";
		};
/* End PBXVariantGroup section */

/* Begin XCBuildConfiguration section */
		09F1B5251F67929200A77F1B /* Debug */ = {
			isa = XCBuildConfiguration;
			buildSettings = {
				ALWAYS_SEARCH_USER_PATHS = NO;
				CLANG_ANALYZER_NONNULL = YES;
				CLANG_ANALYZER_NUMBER_OBJECT_CONVERSION = YES_AGGRESSIVE;
				CLANG_CXX_LANGUAGE_STANDARD = "gnu++14";
				CLANG_CXX_LIBRARY = "libc++";
				CLANG_ENABLE_MODULES = YES;
				CLANG_ENABLE_OBJC_ARC = YES;
				CLANG_WARN_BLOCK_CAPTURE_AUTORELEASING = YES;
				CLANG_WARN_BOOL_CONVERSION = YES;
				CLANG_WARN_COMMA = YES;
				CLANG_WARN_CONSTANT_CONVERSION = YES;
				CLANG_WARN_DIRECT_OBJC_ISA_USAGE = YES_ERROR;
				CLANG_WARN_DOCUMENTATION_COMMENTS = YES;
				CLANG_WARN_EMPTY_BODY = YES;
				CLANG_WARN_ENUM_CONVERSION = YES;
				CLANG_WARN_INFINITE_RECURSION = YES;
				CLANG_WARN_INT_CONVERSION = YES;
				CLANG_WARN_NON_LITERAL_NULL_CONVERSION = YES;
				CLANG_WARN_OBJC_LITERAL_CONVERSION = YES;
				CLANG_WARN_OBJC_ROOT_CLASS = YES_ERROR;
				CLANG_WARN_RANGE_LOOP_ANALYSIS = YES;
				CLANG_WARN_STRICT_PROTOTYPES = YES;
				CLANG_WARN_SUSPICIOUS_MOVE = YES;
				CLANG_WARN_UNGUARDED_AVAILABILITY = YES_AGGRESSIVE;
				CLANG_WARN_UNREACHABLE_CODE = YES;
				CLANG_WARN__DUPLICATE_METHOD_MATCH = YES;
				CODE_SIGN_IDENTITY = "iPhone Developer";
				COPY_PHASE_STRIP = NO;
				DEBUG_INFORMATION_FORMAT = dwarf;
				ENABLE_STRICT_OBJC_MSGSEND = YES;
				ENABLE_TESTABILITY = YES;
				GCC_C_LANGUAGE_STANDARD = gnu11;
				GCC_DYNAMIC_NO_PIC = NO;
				GCC_NO_COMMON_BLOCKS = YES;
				GCC_OPTIMIZATION_LEVEL = 0;
				GCC_PREPROCESSOR_DEFINITIONS = (
					"DEBUG=1",
					"$(inherited)",
				);
				GCC_WARN_64_TO_32_BIT_CONVERSION = YES;
				GCC_WARN_ABOUT_RETURN_TYPE = YES_ERROR;
				GCC_WARN_UNDECLARED_SELECTOR = YES;
				GCC_WARN_UNINITIALIZED_AUTOS = YES_AGGRESSIVE;
				GCC_WARN_UNUSED_FUNCTION = YES;
				GCC_WARN_UNUSED_VARIABLE = YES;
				IPHONEOS_DEPLOYMENT_TARGET = 11.0;
				MTL_ENABLE_DEBUG_INFO = YES;
				ONLY_ACTIVE_ARCH = YES;
				SDKROOT = iphoneos;
				SWIFT_ACTIVE_COMPILATION_CONDITIONS = DEBUG;
				SWIFT_OPTIMIZATION_LEVEL = "-Onone";
			};
			name = Debug;
		};
		09F1B5261F67929200A77F1B /* Release */ = {
			isa = XCBuildConfiguration;
			buildSettings = {
				ALWAYS_SEARCH_USER_PATHS = NO;
				CLANG_ANALYZER_NONNULL = YES;
				CLANG_ANALYZER_NUMBER_OBJECT_CONVERSION = YES_AGGRESSIVE;
				CLANG_CXX_LANGUAGE_STANDARD = "gnu++14";
				CLANG_CXX_LIBRARY = "libc++";
				CLANG_ENABLE_MODULES = YES;
				CLANG_ENABLE_OBJC_ARC = YES;
				CLANG_WARN_BLOCK_CAPTURE_AUTORELEASING = YES;
				CLANG_WARN_BOOL_CONVERSION = YES;
				CLANG_WARN_COMMA = YES;
				CLANG_WARN_CONSTANT_CONVERSION = YES;
				CLANG_WARN_DIRECT_OBJC_ISA_USAGE = YES_ERROR;
				CLANG_WARN_DOCUMENTATION_COMMENTS = YES;
				CLANG_WARN_EMPTY_BODY = YES;
				CLANG_WARN_ENUM_CONVERSION = YES;
				CLANG_WARN_INFINITE_RECURSION = YES;
				CLANG_WARN_INT_CONVERSION = YES;
				CLANG_WARN_NON_LITERAL_NULL_CONVERSION = YES;
				CLANG_WARN_OBJC_LITERAL_CONVERSION = YES;
				CLANG_WARN_OBJC_ROOT_CLASS = YES_ERROR;
				CLANG_WARN_RANGE_LOOP_ANALYSIS = YES;
				CLANG_WARN_STRICT_PROTOTYPES = YES;
				CLANG_WARN_SUSPICIOUS_MOVE = YES;
				CLANG_WARN_UNGUARDED_AVAILABILITY = YES_AGGRESSIVE;
				CLANG_WARN_UNREACHABLE_CODE = YES;
				CLANG_WARN__DUPLICATE_METHOD_MATCH = YES;
				CODE_SIGN_IDENTITY = "iPhone Developer";
				COPY_PHASE_STRIP = NO;
				DEBUG_INFORMATION_FORMAT = "dwarf-with-dsym";
				ENABLE_NS_ASSERTIONS = NO;
				ENABLE_STRICT_OBJC_MSGSEND = YES;
				GCC_C_LANGUAGE_STANDARD = gnu11;
				GCC_NO_COMMON_BLOCKS = YES;
				GCC_WARN_64_TO_32_BIT_CONVERSION = YES;
				GCC_WARN_ABOUT_RETURN_TYPE = YES_ERROR;
				GCC_WARN_UNDECLARED_SELECTOR = YES;
				GCC_WARN_UNINITIALIZED_AUTOS = YES_AGGRESSIVE;
				GCC_WARN_UNUSED_FUNCTION = YES;
				GCC_WARN_UNUSED_VARIABLE = YES;
				IPHONEOS_DEPLOYMENT_TARGET = 11.0;
				MTL_ENABLE_DEBUG_INFO = NO;
				SDKROOT = iphoneos;
				SWIFT_OPTIMIZATION_LEVEL = "-Owholemodule";
				VALIDATE_PRODUCT = YES;
			};
			name = Release;
		};
		09F1B5281F67929200A77F1B /* Debug */ = {
			isa = XCBuildConfiguration;
			buildSettings = {
				ASSETCATALOG_COMPILER_APPICON_NAME = AppIcon;
				CODE_SIGN_STYLE = Automatic;
				DEVELOPMENT_TEAM = CNHB9B5GX6;
				INFOPLIST_FILE = "Aging People/Info.plist";
				LD_RUNPATH_SEARCH_PATHS = "$(inherited) @executable_path/Frameworks";
				PRODUCT_BUNDLE_IDENTIFIER = "oliviertests.Aging-People";
				PRODUCT_NAME = "$(TARGET_NAME)";
				SWIFT_VERSION = 4.0;
				TARGETED_DEVICE_FAMILY = "1,2";
			};
			name = Debug;
		};
		09F1B5291F67929200A77F1B /* Release */ = {
			isa = XCBuildConfiguration;
			buildSettings = {
				ASSETCATALOG_COMPILER_APPICON_NAME = AppIcon;
				CODE_SIGN_STYLE = Automatic;
				DEVELOPMENT_TEAM = CNHB9B5GX6;
				INFOPLIST_FILE = "Aging People/Info.plist";
				LD_RUNPATH_SEARCH_PATHS = "$(inherited) @executable_path/Frameworks";
				PRODUCT_BUNDLE_IDENTIFIER = "oliviertests.Aging-People";
				PRODUCT_NAME = "$(TARGET_NAME)";
				SWIFT_VERSION = 4.0;
				TARGETED_DEVICE_FAMILY = "1,2";
			};
			name = Release;
		};
		09F1B52B1F67929200A77F1B /* Debug */ = {
			isa = XCBuildConfiguration;
			buildSettings = {
				ALWAYS_EMBED_SWIFT_STANDARD_LIBRARIES = YES;
				BUNDLE_LOADER = "$(TEST_HOST)";
				CODE_SIGN_STYLE = Automatic;
				DEVELOPMENT_TEAM = CNHB9B5GX6;
				INFOPLIST_FILE = "Aging PeopleTests/Info.plist";
				LD_RUNPATH_SEARCH_PATHS = "$(inherited) @executable_path/Frameworks @loader_path/Frameworks";
				PRODUCT_BUNDLE_IDENTIFIER = "oliviertests.Aging-PeopleTests";
				PRODUCT_NAME = "$(TARGET_NAME)";
				SWIFT_VERSION = 4.0;
				TARGETED_DEVICE_FAMILY = "1,2";
				TEST_HOST = "$(BUILT_PRODUCTS_DIR)/Aging People.app/Aging People";
			};
			name = Debug;
		};
		09F1B52C1F67929200A77F1B /* Release */ = {
			isa = XCBuildConfiguration;
			buildSettings = {
				ALWAYS_EMBED_SWIFT_STANDARD_LIBRARIES = YES;
				BUNDLE_LOADER = "$(TEST_HOST)";
				CODE_SIGN_STYLE = Automatic;
				DEVELOPMENT_TEAM = CNHB9B5GX6;
				INFOPLIST_FILE = "Aging PeopleTests/Info.plist";
				LD_RUNPATH_SEARCH_PATHS = "$(inherited) @executable_path/Frameworks @loader_path/Frameworks";
				PRODUCT_BUNDLE_IDENTIFIER = "oliviertests.Aging-PeopleTests";
				PRODUCT_NAME = "$(TARGET_NAME)";
				SWIFT_VERSION = 4.0;
				TARGETED_DEVICE_FAMILY = "1,2";
				TEST_HOST = "$(BUILT_PRODUCTS_DIR)/Aging People.app/Aging People";
			};
			name = Release;
		};
		09F1B52E1F67929200A77F1B /* Debug */ = {
			isa = XCBuildConfiguration;
			buildSettings = {
				ALWAYS_EMBED_SWIFT_STANDARD_LIBRARIES = YES;
				CODE_SIGN_STYLE = Automatic;
				DEVELOPMENT_TEAM = CNHB9B5GX6;
				INFOPLIST_FILE = "Aging PeopleUITests/Info.plist";
				LD_RUNPATH_SEARCH_PATHS = "$(inherited) @executable_path/Frameworks @loader_path/Frameworks";
				PRODUCT_BUNDLE_IDENTIFIER = "oliviertests.Aging-PeopleUITests";
				PRODUCT_NAME = "$(TARGET_NAME)";
				SWIFT_VERSION = 4.0;
				TARGETED_DEVICE_FAMILY = "1,2";
				TEST_TARGET_NAME = "Aging People";
			};
			name = Debug;
		};
		09F1B52F1F67929200A77F1B /* Release */ = {
			isa = XCBuildConfiguration;
			buildSettings = {
				ALWAYS_EMBED_SWIFT_STANDARD_LIBRARIES = YES;
				CODE_SIGN_STYLE = Automatic;
				DEVELOPMENT_TEAM = CNHB9B5GX6;
				INFOPLIST_FILE = "Aging PeopleUITests/Info.plist";
				LD_RUNPATH_SEARCH_PATHS = "$(inherited) @executable_path/Frameworks @loader_path/Frameworks";
				PRODUCT_BUNDLE_IDENTIFIER = "oliviertests.Aging-PeopleUITests";
				PRODUCT_NAME = "$(TARGET_NAME)";
				SWIFT_VERSION = 4.0;
				TARGETED_DEVICE_FAMILY = "1,2";
				TEST_TARGET_NAME = "Aging People";
			};
			name = Release;
		};
/* End XCBuildConfiguration section */

/* Begin XCConfigurationList section */
		09F1B4FA1F67929100A77F1B /* Build configuration list for PBXProject "Aging People" */ = {
			isa = XCConfigurationList;
			buildConfigurations = (
				09F1B5251F67929200A77F1B /* Debug */,
				09F1B5261F67929200A77F1B /* Release */,
			);
			defaultConfigurationIsVisible = 0;
			defaultConfigurationName = Release;
		};
		09F1B5271F67929200A77F1B /* Build configuration list for PBXNativeTarget "Aging People" */ = {
			isa = XCConfigurationList;
			buildConfigurations = (
				09F1B5281F67929200A77F1B /* Debug */,
				09F1B5291F67929200A77F1B /* Release */,
			);
			defaultConfigurationIsVisible = 0;
			defaultConfigurationName = Release;
		};
		09F1B52A1F67929200A77F1B /* Build configuration list for PBXNativeTarget "Aging PeopleTests" */ = {
			isa = XCConfigurationList;
			buildConfigurations = (
				09F1B52B1F67929200A77F1B /* Debug */,
				09F1B52C1F67929200A77F1B /* Release */,
			);
			defaultConfigurationIsVisible = 0;
			defaultConfigurationName = Release;
		};
		09F1B52D1F67929200A77F1B /* Build configuration list for PBXNativeTarget "Aging PeopleUITests" */ = {
			isa = XCConfigurationList;
			buildConfigurations = (
				09F1B52E1F67929200A77F1B /* Debug */,
				09F1B52F1F67929200A77F1B /* Release */,
			);
			defaultConfigurationIsVisible = 0;
			defaultConfigurationName = Release;
		};
/* End XCConfigurationList section */
	};
	rootObject = 09F1B4F71F67929100A77F1B /* Project object */;
}
